
Microsoft Visual Studio Solution File, Format Version 12.00
# Visual Studio Version 17
VisualStudioVersion = 17.0.31903.59
MinimumVisualStudioVersion = 10.0.40219.1
Project("{2150E333-8FDC-42A3-9474-1A3956D46DE8}") = "src", "src", "{827E0CD3-B72D-47B6-A68D-7590B98EB39B}"
EndProject
Project("{FAE04EC0-301F-11D3-BF4B-00C04F79EFBC}") = "MigrationTool.Domain", "src\MigrationTool.Domain\MigrationTool.Domain.csproj", "{1D32D295-65A1-428A-A53F-65ECF5B86B30}"
EndProject
Project("{FAE04EC0-301F-11D3-BF4B-00C04F79EFBC}") = "MigrationTool.Application", "src\MigrationTool.Application\MigrationTool.Application.csproj", "{EB45DD0B-B762-441C-8F76-5C8375045642}"
EndProject
Project("{FAE04EC0-301F-11D3-BF4B-00C04F79EFBC}") = "MigrationTool.Infrastructure", "src\MigrationTool.Infrastructure\MigrationTool.Infrastructure.csproj", "{E768CF77-C47F-44AD-8593-EDE623BC06D1}"
EndProject
Project("{FAE04EC0-301F-11D3-BF4B-00C04F79EFBC}") = "MigrationTool.Host", "src\MigrationTool.Host\MigrationTool.Host.csproj", "{CA8E3383-19F5-416D-8169-0F855045DFC0}"
EndProject
Project("{FAE04EC0-301F-11D3-BF4B-00C04F79EFBC}") = "MigrationTool.UnitTests", "tests\MigrationTool.UnitTests\MigrationTool.UnitTests.csproj", "{D6DC28A9-D3C3-40D7-93D6-4C6B5B4D552E}"
EndProject
Global
	GlobalSection(SolutionConfigurationPlatforms) = preSolution
		Debug|Any CPU = Debug|Any CPU
		Debug|x64 = Debug|x64
		Debug|x86 = Debug|x86
		Release|Any CPU = Release|Any CPU
		Release|x64 = Release|x64
		Release|x86 = Release|x86
	EndGlobalSection
	GlobalSection(ProjectConfigurationPlatforms) = postSolution
		{1D32D295-65A1-428A-A53F-65ECF5B86B30}.Debug|Any CPU.ActiveCfg = Debug|Any CPU
		{1D32D295-65A1-428A-A53F-65ECF5B86B30}.Debug|Any CPU.Build.0 = Debug|Any CPU
		{1D32D295-65A1-428A-A53F-65ECF5B86B30}.Debug|x64.ActiveCfg = Debug|Any CPU
		{1D32D295-65A1-428A-A53F-65ECF5B86B30}.Debug|x64.Build.0 = Debug|Any CPU
		{1D32D295-65A1-428A-A53F-65ECF5B86B30}.Debug|x86.ActiveCfg = Debug|Any CPU
		{1D32D295-65A1-428A-A53F-65ECF5B86B30}.Debug|x86.Build.0 = Debug|Any CPU
		{1D32D295-65A1-428A-A53F-65ECF5B86B30}.Release|Any CPU.ActiveCfg = Release|Any CPU
		{1D32D295-65A1-428A-A53F-65ECF5B86B30}.Release|Any CPU.Build.0 = Release|Any CPU
		{1D32D295-65A1-428A-A53F-65ECF5B86B30}.Release|x64.ActiveCfg = Release|Any CPU
		{1D32D295-65A1-428A-A53F-65ECF5B86B30}.Release|x64.Build.0 = Release|Any CPU
		{1D32D295-65A1-428A-A53F-65ECF5B86B30}.Release|x86.ActiveCfg = Release|Any CPU
		{1D32D295-65A1-428A-A53F-65ECF5B86B30}.Release|x86.Build.0 = Release|Any CPU
		{EB45DD0B-B762-441C-8F76-5C8375045642}.Debug|Any CPU.ActiveCfg = Debug|Any CPU
		{EB45DD0B-B762-441C-8F76-5C8375045642}.Debug|Any CPU.Build.0 = Debug|Any CPU
		{EB45DD0B-B762-441C-8F76-5C8375045642}.Debug|x64.ActiveCfg = Debug|Any CPU
		{EB45DD0B-B762-441C-8F76-5C8375045642}.Debug|x64.Build.0 = Debug|Any CPU
		{EB45DD0B-B762-441C-8F76-5C8375045642}.Debug|x86.ActiveCfg = Debug|Any CPU
		{EB45DD0B-B762-441C-8F76-5C8375045642}.Debug|x86.Build.0 = Debug|Any CPU
		{EB45DD0B-B762-441C-8F76-5C8375045642}.Release|Any CPU.ActiveCfg = Release|Any CPU
		{EB45DD0B-B762-441C-8F76-5C8375045642}.Release|Any CPU.Build.0 = Release|Any CPU
		{EB45DD0B-B762-441C-8F76-5C8375045642}.Release|x64.ActiveCfg = Release|Any CPU
		{EB45DD0B-B762-441C-8F76-5C8375045642}.Release|x64.Build.0 = Release|Any CPU
		{EB45DD0B-B762-441C-8F76-5C8375045642}.Release|x86.ActiveCfg = Release|Any CPU
		{EB45DD0B-B762-441C-8F76-5C8375045642}.Release|x86.Build.0 = Release|Any CPU
		{E768CF77-C47F-44AD-8593-EDE623BC06D1}.Debug|Any CPU.ActiveCfg = Debug|Any CPU
		{E768CF77-C47F-44AD-8593-EDE623BC06D1}.Debug|Any CPU.Build.0 = Debug|Any CPU
		{E768CF77-C47F-44AD-8593-EDE623BC06D1}.Debug|x64.ActiveCfg = Debug|Any CPU
		{E768CF77-C47F-44AD-8593-EDE623BC06D1}.Debug|x64.Build.0 = Debug|Any CPU
		{E768CF77-C47F-44AD-8593-EDE623BC06D1}.Debug|x86.ActiveCfg = Debug|Any CPU
		{E768CF77-C47F-44AD-8593-EDE623BC06D1}.Debug|x86.Build.0 = Debug|Any CPU
		{E768CF77-C47F-44AD-8593-EDE623BC06D1}.Release|Any CPU.ActiveCfg = Release|Any CPU
		{E768CF77-C47F-44AD-8593-EDE623BC06D1}.Release|Any CPU.Build.0 = Release|Any CPU
		{E768CF77-C47F-44AD-8593-EDE623BC06D1}.Release|x64.ActiveCfg = Release|Any CPU
		{E768CF77-C47F-44AD-8593-EDE623BC06D1}.Release|x64.Build.0 = Release|Any CPU
		{E768CF77-C47F-44AD-8593-EDE623BC06D1}.Release|x86.ActiveCfg = Release|Any CPU
		{E768CF77-C47F-44AD-8593-EDE623BC06D1}.Release|x86.Build.0 = Release|Any CPU
		{CA8E3383-19F5-416D-8169-0F855045DFC0}.Debug|Any CPU.ActiveCfg = Debug|Any CPU
		{CA8E3383-19F5-416D-8169-0F855045DFC0}.Debug|Any CPU.Build.0 = Debug|Any CPU
		{CA8E3383-19F5-416D-8169-0F855045DFC0}.Debug|x64.ActiveCfg = Debug|Any CPU
		{CA8E3383-19F5-416D-8169-0F855045DFC0}.Debug|x64.Build.0 = Debug|Any CPU
		{CA8E3383-19F5-416D-8169-0F855045DFC0}.Debug|x86.ActiveCfg = Debug|Any CPU
		{CA8E3383-19F5-416D-8169-0F855045DFC0}.Debug|x86.Build.0 = Debug|Any CPU
		{CA8E3383-19F5-416D-8169-0F855045DFC0}.Release|Any CPU.ActiveCfg = Release|Any CPU
		{CA8E3383-19F5-416D-8169-0F855045DFC0}.Release|Any CPU.Build.0 = Release|Any CPU
		{CA8E3383-19F5-416D-8169-0F855045DFC0}.Release|x64.ActiveCfg = Release|Any CPU
		{CA8E3383-19F5-416D-8169-0F855045DFC0}.Release|x64.Build.0 = Release|Any CPU
		{CA8E3383-19F5-416D-8169-0F855045DFC0}.Release|x86.ActiveCfg = Release|Any CPU
		{CA8E3383-19F5-416D-8169-0F855045DFC0}.Release|x86.Build.0 = Release|Any CPU
		{D6DC28A9-D3C3-40D7-93D6-4C6B5B4D552E}.Debug|Any CPU.ActiveCfg = Debug|Any CPU
		{D6DC28A9-D3C3-40D7-93D6-4C6B5B4D552E}.Debug|Any CPU.Build.0 = Debug|Any CPU
		{D6DC28A9-D3C3-40D7-93D6-4C6B5B4D552E}.Debug|x64.ActiveCfg = Debug|Any CPU
		{D6DC28A9-D3C3-40D7-93D6-4C6B5B4D552E}.Debug|x64.Build.0 = Debug|Any CPU
		{D6DC28A9-D3C3-40D7-93D6-4C6B5B4D552E}.Debug|x86.ActiveCfg = Debug|Any CPU
		{D6DC28A9-D3C3-40D7-93D6-4C6B5B4D552E}.Debug|x86.Build.0 = Debug|Any CPU
		{D6DC28A9-D3C3-40D7-93D6-4C6B5B4D552E}.Release|Any CPU.ActiveCfg = Release|Any CPU
		{D6DC28A9-D3C3-40D7-93D6-4C6B5B4D552E}.Release|Any CPU.Build.0 = Release|Any CPU
		{D6DC28A9-D3C3-40D7-93D6-4C6B5B4D552E}.Release|x64.ActiveCfg = Release|Any CPU
		{D6DC28A9-D3C3-40D7-93D6-4C6B5B4D552E}.Release|x64.Build.0 = Release|Any CPU
		{D6DC28A9-D3C3-40D7-93D6-4C6B5B4D552E}.Release|x86.ActiveCfg = Release|Any CPU
		{D6DC28A9-D3C3-40D7-93D6-4C6B5B4D552E}.Release|x86.Build.0 = Release|Any CPU
	EndGlobalSection
	GlobalSection(SolutionProperties) = preSolution
		HideSolutionNode = FALSE
	EndGlobalSection
	GlobalSection(NestedProjects) = preSolution
		{1D32D295-65A1-428A-A53F-65ECF5B86B30} = {827E0CD3-B72D-47B6-A68D-7590B98EB39B}
		{EB45DD0B-B762-441C-8F76-5C8375045642} = {827E0CD3-B72D-47B6-A68D-7590B98EB39B}
		{E768CF77-C47F-44AD-8593-EDE623BC06D1} = {827E0CD3-B72D-47B6-A68D-7590B98EB39B}
		{CA8E3383-19F5-416D-8169-0F855045DFC0} = {827E0CD3-B72D-47B6-A68D-7590B98EB39B}
		{D6DC28A9-D3C3-40D7-93D6-4C6B5B4D552E} = {827E0CD3-B72D-47B6-A68D-7590B98EB39B}
	EndGlobalSection
EndGlobal
