
Microsoft Visual Studio Solution File, Format Version 12.00
# Visual Studio Version 17
VisualStudioVersion = 17.0.31903.59
MinimumVisualStudioVersion = 10.0.40219.1
Project("{FAE04EC0-301F-11D3-BF4B-00C04F79EFBC}") = "DbIntelligence.Api", "DbIntelligence\DbIntelligence.Api\DbIntelligence.Api.csproj", "{A1111111-1111-1111-1111-111111111101}"
EndProject
Project("{FAE04EC0-301F-11D3-BF4B-00C04F79EFBC}") = "DbIntelligence.Contracts", "DbIntelligence\DbIntelligence.Contracts\DbIntelligence.Contracts.csproj", "{A1111111-1111-1111-1111-111111111102}"
EndProject
Project("{FAE04EC0-301F-11D3-BF4B-00C04F79EFBC}") = "DbIntelligence.Domain", "DbIntelligence\DbIntelligence.Domain\DbIntelligence.Domain.csproj", "{A1111111-1111-1111-1111-111111111103}"
EndProject
Project("{FAE04EC0-301F-11D3-BF4B-00C04F79EFBC}") = "DbIntelligence.Infrastructure", "DbIntelligence\DbIntelligence.Infrastructure\DbIntelligence.Infrastructure.csproj", "{A1111111-1111-1111-1111-111111111104}"
EndProject
Project("{FAE04EC0-301F-11D3-BF4B-00C04F79EFBC}") = "DbIntelligence.RepositoryScanner", "DbIntelligence\DbIntelligence.RepositoryScanner\DbIntelligence.RepositoryScanner.csproj", "{A1111111-1111-1111-1111-111111111105}"
EndProject
Project("{FAE04EC0-301F-11D3-BF4B-00C04F79EFBC}") = "DbIntelligence.SqlScanner", "DbIntelligence\DbIntelligence.SqlScanner\DbIntelligence.SqlScanner.csproj", "{A1111111-1111-1111-1111-111111111106}"
EndProject
Project("{FAE04EC0-301F-11D3-BF4B-00C04F79EFBC}") = "DbIntelligence.Worker", "DbIntelligence\DbIntelligence.Worker\DbIntelligence.Worker.csproj", "{A1111111-1111-1111-1111-111111111107}"
EndProject
Project("{FAE04EC0-301F-11D3-BF4B-00C04F79EFBC}") = "DbIntelligence.Tests", "DbIntelligence\DbIntelligence.Tests\DbIntelligence.Tests.csproj", "{A1111111-1111-1111-1111-111111111108}"
EndProject
Project("{FAE04EC0-301F-11D3-BF4B-00C04F79EFBC}") = "DbIntelligence.Cli", "DbIntelligence\DbIntelligence.Cli\DbIntelligence.Cli.csproj", "{A1111111-1111-1111-1111-111111111109}"
EndProject
Project("{2150E333-8FDC-42A3-9474-1A3956D46DE8}") = "FindingsMigration", "FindingsMigration", "{18A973C9-F25B-E4E4-0476-2BB1C2E8546D}"
EndProject
Project("{FAE04EC0-301F-11D3-BF4B-00C04F79EFBC}") = "FindingsMigration.Contracts", "FindingsMigration\FindingsMigration.Contracts\FindingsMigration.Contracts.csproj", "{4BD1488F-EEE8-4FCE-9D7F-B625B6C6895C}"
EndProject
Project("{FAE04EC0-301F-11D3-BF4B-00C04F79EFBC}") = "FindingsMigration.Core", "FindingsMigration\FindingsMigration.Core\FindingsMigration.Core.csproj", "{F4BDEC8F-7D5A-4C38-8A4C-710CA646EACC}"
EndProject
Project("{FAE04EC0-301F-11D3-BF4B-00C04F79EFBC}") = "FindingsMigration.Cli", "FindingsMigration\FindingsMigration.Cli\FindingsMigration.Cli.csproj", "{4717A130-39C3-421F-A840-71B6A9D9EA70}"
EndProject
Project("{FAE04EC0-301F-11D3-BF4B-00C04F79EFBC}") = "FindingsMigration.Tests", "FindingsMigration\FindingsMigration.Tests\FindingsMigration.Tests.csproj", "{5148DE7E-9650-4E78-95EB-35E1813FD990}"
EndProject
Project("{2150E333-8FDC-42A3-9474-1A3956D46DE8}") = "BuildingBlocks", "BuildingBlocks", "{7266C4A9-E384-DC00-0EB6-47F6002CFBA7}"
EndProject
Project("{FAE04EC0-301F-11D3-BF4B-00C04F79EFBC}") = "DataAccess.Abstractions", "BuildingBlocks\DataAccess.Abstractions\DataAccess.Abstractions.csproj", "{6302E986-1062-4D12-A64B-B6D1D79A7D92}"
EndProject
Project("{FAE04EC0-301F-11D3-BF4B-00C04F79EFBC}") = "DataAccess.Dapper", "BuildingBlocks\DataAccess.Dapper\DataAccess.Dapper.csproj", "{2257930C-65C3-4FAC-9747-D0BC2FF4F5E6}"
EndProject
Project("{FAE04EC0-301F-11D3-BF4B-00C04F79EFBC}") = "DataAccess.EfCore", "BuildingBlocks\DataAccess.EfCore\DataAccess.EfCore.csproj", "{2F2343E4-311C-48F6-BE85-13A772CDF056}"
EndProject
Project("{FAE04EC0-301F-11D3-BF4B-00C04F79EFBC}") = "Observability", "BuildingBlocks\Observability\Observability.csproj", "{36ED2659-B41C-4D65-AD62-B8C8C5C1D140}"
EndProject
Project("{FAE04EC0-301F-11D3-BF4B-00C04F79EFBC}") = "Security", "BuildingBlocks\Security\Security.csproj", "{D4D84DC8-748F-47FE-ADE2-7682489A2224}"
EndProject
Project("{FAE04EC0-301F-11D3-BF4B-00C04F79EFBC}") = "Migration", "BuildingBlocks\Migration\Migration.csproj", "{10C31D18-22BC-4182-A3C2-6B4A84B422C3}"
EndProject
Project("{2150E333-8FDC-42A3-9474-1A3956D46DE8}") = "DataServices", "DataServices", "{4769478D-C767-31A9-8FC1-6E9F318D53C0}"
EndProject
Project("{2150E333-8FDC-42A3-9474-1A3956D46DE8}") = "ShowcaseDataService", "ShowcaseDataService", "{7F1D09F0-9E81-6567-8A56-42DA2AAD15FC}"
EndProject
Project("{FAE04EC0-301F-11D3-BF4B-00C04F79EFBC}") = "ShowcaseDataService.Domain", "DataServices\ShowcaseDataService\ShowcaseDataService.Domain\ShowcaseDataService.Domain.csproj", "{FAD1F010-DD36-47DE-8483-D2173FB69E18}"
EndProject
Project("{FAE04EC0-301F-11D3-BF4B-00C04F79EFBC}") = "ShowcaseDataService.Contracts", "DataServices\ShowcaseDataService\ShowcaseDataService.Contracts\ShowcaseDataService.Contracts.csproj", "{E3C39ED8-CA9B-4CBE-89FE-C553FFF78481}"
EndProject
Project("{FAE04EC0-301F-11D3-BF4B-00C04F79EFBC}") = "ShowcaseDataService.Application", "DataServices\ShowcaseDataService\ShowcaseDataService.Application\ShowcaseDataService.Application.csproj", "{381E540B-5045-4B62-A266-929FE291046F}"
EndProject
Project("{FAE04EC0-301F-11D3-BF4B-00C04F79EFBC}") = "ShowcaseDataService.Infrastructure", "DataServices\ShowcaseDataService\ShowcaseDataService.Infrastructure\ShowcaseDataService.Infrastructure.csproj", "{D1AAAC2C-EC9F-4320-A8E9-141F7179EF34}"
EndProject
Project("{FAE04EC0-301F-11D3-BF4B-00C04F79EFBC}") = "ShowcaseDataService.Api", "DataServices\ShowcaseDataService\ShowcaseDataService.Api\ShowcaseDataService.Api.csproj", "{34553CE3-CB40-4873-B761-86533B828137}"
EndProject
Project("{FAE04EC0-301F-11D3-BF4B-00C04F79EFBC}") = "ShowcaseDataService.Migrations", "DataServices\ShowcaseDataService\ShowcaseDataService.Migrations\ShowcaseDataService.Migrations.csproj", "{5BB8A193-8D4E-4258-89BD-63B0FF50B95C}"
EndProject
Project("{FAE04EC0-301F-11D3-BF4B-00C04F79EFBC}") = "ShowcaseDataService.Tests", "DataServices\ShowcaseDataService\ShowcaseDataService.Tests\ShowcaseDataService.Tests.csproj", "{CEDE4208-6709-48A4-8088-72D9D774ADC0}"
EndProject
Global
	GlobalSection(SolutionConfigurationPlatforms) = preSolution
		Debug|Any CPU = Debug|Any CPU
		Debug|x64 = Debug|x64
		Debug|x86 = Debug|x86
		Release|Any CPU = Release|Any CPU
		Release|x64 = Release|x64
		Release|x86 = Release|x86
	EndGlobalSection
	GlobalSection(ProjectConfigurationPlatforms) = postSolution
		{A1111111-1111-1111-1111-111111111101}.Debug|Any CPU.ActiveCfg = Debug|Any CPU
		{A1111111-1111-1111-1111-111111111101}.Debug|Any CPU.Build.0 = Debug|Any CPU
		{A1111111-1111-1111-1111-111111111101}.Debug|x64.ActiveCfg = Debug|Any CPU
		{A1111111-1111-1111-1111-111111111101}.Debug|x64.Build.0 = Debug|Any CPU
		{A1111111-1111-1111-1111-111111111101}.Debug|x86.ActiveCfg = Debug|Any CPU
		{A1111111-1111-1111-1111-111111111101}.Debug|x86.Build.0 = Debug|Any CPU
		{A1111111-1111-1111-1111-111111111101}.Release|Any CPU.ActiveCfg = Release|Any CPU
		{A1111111-1111-1111-1111-111111111101}.Release|Any CPU.Build.0 = Release|Any CPU
		{A1111111-1111-1111-1111-111111111101}.Release|x64.ActiveCfg = Release|Any CPU
		{A1111111-1111-1111-1111-111111111101}.Release|x64.Build.0 = Release|Any CPU
		{A1111111-1111-1111-1111-111111111101}.Release|x86.ActiveCfg = Release|Any CPU
		{A1111111-1111-1111-1111-111111111101}.Release|x86.Build.0 = Release|Any CPU
		{A1111111-1111-1111-1111-111111111102}.Debug|Any CPU.ActiveCfg = Debug|Any CPU
		{A1111111-1111-1111-1111-111111111102}.Debug|Any CPU.Build.0 = Debug|Any CPU
		{A1111111-1111-1111-1111-111111111102}.Debug|x64.ActiveCfg = Debug|Any CPU
		{A1111111-1111-1111-1111-111111111102}.Debug|x64.Build.0 = Debug|Any CPU
		{A1111111-1111-1111-1111-111111111102}.Debug|x86.ActiveCfg = Debug|Any CPU
		{A1111111-1111-1111-1111-111111111102}.Debug|x86.Build.0 = Debug|Any CPU
		{A1111111-1111-1111-1111-111111111102}.Release|Any CPU.ActiveCfg = Release|Any CPU
		{A1111111-1111-1111-1111-111111111102}.Release|Any CPU.Build.0 = Release|Any CPU
		{A1111111-1111-1111-1111-111111111102}.Release|x64.ActiveCfg = Release|Any CPU
		{A1111111-1111-1111-1111-111111111102}.Release|x64.Build.0 = Release|Any CPU
		{A1111111-1111-1111-1111-111111111102}.Release|x86.ActiveCfg = Release|Any CPU
		{A1111111-1111-1111-1111-111111111102}.Release|x86.Build.0 = Release|Any CPU
		{A1111111-1111-1111-1111-111111111103}.Debug|Any CPU.ActiveCfg = Debug|Any CPU
		{A1111111-1111-1111-1111-111111111103}.Debug|Any CPU.Build.0 = Debug|Any CPU
		{A1111111-1111-1111-1111-111111111103}.Debug|x64.ActiveCfg = Debug|Any CPU
		{A1111111-1111-1111-1111-111111111103}.Debug|x64.Build.0 = Debug|Any CPU
		{A1111111-1111-1111-1111-111111111103}.Debug|x86.ActiveCfg = Debug|Any CPU
		{A1111111-1111-1111-1111-111111111103}.Debug|x86.Build.0 = Debug|Any CPU
		{A1111111-1111-1111-1111-111111111103}.Release|Any CPU.ActiveCfg = Release|Any CPU
		{A1111111-1111-1111-1111-111111111103}.Release|Any CPU.Build.0 = Release|Any CPU
		{A1111111-1111-1111-1111-111111111103}.Release|x64.ActiveCfg = Release|Any CPU
		{A1111111-1111-1111-1111-111111111103}.Release|x64.Build.0 = Release|Any CPU
		{A1111111-1111-1111-1111-111111111103}.Release|x86.ActiveCfg = Release|Any CPU
		{A1111111-1111-1111-1111-111111111103}.Release|x86.Build.0 = Release|Any CPU
		{A1111111-1111-1111-1111-111111111104}.Debug|Any CPU.ActiveCfg = Debug|Any CPU
		{A1111111-1111-1111-1111-111111111104}.Debug|Any CPU.Build.0 = Debug|Any CPU
		{A1111111-1111-1111-1111-111111111104}.Debug|x64.ActiveCfg = Debug|Any CPU
		{A1111111-1111-1111-1111-111111111104}.Debug|x64.Build.0 = Debug|Any CPU
		{A1111111-1111-1111-1111-111111111104}.Debug|x86.ActiveCfg = Debug|Any CPU
		{A1111111-1111-1111-1111-111111111104}.Debug|x86.Build.0 = Debug|Any CPU
		{A1111111-1111-1111-1111-111111111104}.Release|Any CPU.ActiveCfg = Release|Any CPU
		{A1111111-1111-1111-1111-111111111104}.Release|Any CPU.Build.0 = Release|Any CPU
		{A1111111-1111-1111-1111-111111111104}.Release|x64.ActiveCfg = Release|Any CPU
		{A1111111-1111-1111-1111-111111111104}.Release|x64.Build.0 = Release|Any CPU
		{A1111111-1111-1111-1111-111111111104}.Release|x86.ActiveCfg = Release|Any CPU
		{A1111111-1111-1111-1111-111111111104}.Release|x86.Build.0 = Release|Any CPU
		{A1111111-1111-1111-1111-111111111105}.Debug|Any CPU.ActiveCfg = Debug|Any CPU
		{A1111111-1111-1111-1111-111111111105}.Debug|Any CPU.Build.0 = Debug|Any CPU
		{A1111111-1111-1111-1111-111111111105}.Debug|x64.ActiveCfg = Debug|Any CPU
		{A1111111-1111-1111-1111-111111111105}.Debug|x64.Build.0 = Debug|Any CPU
		{A1111111-1111-1111-1111-111111111105}.Debug|x86.ActiveCfg = Debug|Any CPU
		{A1111111-1111-1111-1111-111111111105}.Debug|x86.Build.0 = Debug|Any CPU
		{A1111111-1111-1111-1111-111111111105}.Release|Any CPU.ActiveCfg = Release|Any CPU
		{A1111111-1111-1111-1111-111111111105}.Release|Any CPU.Build.0 = Release|Any CPU
		{A1111111-1111-1111-1111-111111111105}.Release|x64.ActiveCfg = Release|Any CPU
		{A1111111-1111-1111-1111-111111111105}.Release|x64.Build.0 = Release|Any CPU
		{A1111111-1111-1111-1111-111111111105}.Release|x86.ActiveCfg = Release|Any CPU
		{A1111111-1111-1111-1111-111111111105}.Release|x86.Build.0 = Release|Any CPU
		{A1111111-1111-1111-1111-111111111106}.Debug|Any CPU.ActiveCfg = Debug|Any CPU
		{A1111111-1111-1111-1111-111111111106}.Debug|Any CPU.Build.0 = Debug|Any CPU
		{A1111111-1111-1111-1111-111111111106}.Debug|x64.ActiveCfg = Debug|Any CPU
		{A1111111-1111-1111-1111-111111111106}.Debug|x64.Build.0 = Debug|Any CPU
		{A1111111-1111-1111-1111-111111111106}.Debug|x86.ActiveCfg = Debug|Any CPU
		{A1111111-1111-1111-1111-111111111106}.Debug|x86.Build.0 = Debug|Any CPU
		{A1111111-1111-1111-1111-111111111106}.Release|Any CPU.ActiveCfg = Release|Any CPU
		{A1111111-1111-1111-1111-111111111106}.Release|Any CPU.Build.0 = Release|Any CPU
		{A1111111-1111-1111-1111-111111111106}.Release|x64.ActiveCfg = Release|Any CPU
		{A1111111-1111-1111-1111-111111111106}.Release|x64.Build.0 = Release|Any CPU
		{A1111111-1111-1111-1111-111111111106}.Release|x86.ActiveCfg = Release|Any CPU
		{A1111111-1111-1111-1111-111111111106}.Release|x86.Build.0 = Release|Any CPU
		{A1111111-1111-1111-1111-111111111107}.Debug|Any CPU.ActiveCfg = Debug|Any CPU
		{A1111111-1111-1111-1111-111111111107}.Debug|Any CPU.Build.0 = Debug|Any CPU
		{A1111111-1111-1111-1111-111111111107}.Debug|x64.ActiveCfg = Debug|Any CPU
		{A1111111-1111-1111-1111-111111111107}.Debug|x64.Build.0 = Debug|Any CPU
		{A1111111-1111-1111-1111-111111111107}.Debug|x86.ActiveCfg = Debug|Any CPU
		{A1111111-1111-1111-1111-111111111107}.Debug|x86.Build.0 = Debug|Any CPU
		{A1111111-1111-1111-1111-111111111107}.Release|Any CPU.ActiveCfg = Release|Any CPU
		{A1111111-1111-1111-1111-111111111107}.Release|Any CPU.Build.0 = Release|Any CPU
		{A1111111-1111-1111-1111-111111111107}.Release|x64.ActiveCfg = Release|Any CPU
		{A1111111-1111-1111-1111-111111111107}.Release|x64.Build.0 = Release|Any CPU
		{A1111111-1111-1111-1111-111111111107}.Release|x86.ActiveCfg = Release|Any CPU
		{A1111111-1111-1111-1111-111111111107}.Release|x86.Build.0 = Release|Any CPU
		{A1111111-1111-1111-1111-111111111108}.Debug|Any CPU.ActiveCfg = Debug|Any CPU
		{A1111111-1111-1111-1111-111111111108}.Debug|Any CPU.Build.0 = Debug|Any CPU
		{A1111111-1111-1111-1111-111111111108}.Debug|x64.ActiveCfg = Debug|Any CPU
		{A1111111-1111-1111-1111-111111111108}.Debug|x64.Build.0 = Debug|Any CPU
		{A1111111-1111-1111-1111-111111111108}.Debug|x86.ActiveCfg = Debug|Any CPU
		{A1111111-1111-1111-1111-111111111108}.Debug|x86.Build.0 = Debug|Any CPU
		{A1111111-1111-1111-1111-111111111108}.Release|Any CPU.ActiveCfg = Release|Any CPU
		{A1111111-1111-1111-1111-111111111108}.Release|Any CPU.Build.0 = Release|Any CPU
		{A1111111-1111-1111-1111-111111111108}.Release|x64.ActiveCfg = Release|Any CPU
		{A1111111-1111-1111-1111-111111111108}.Release|x64.Build.0 = Release|Any CPU
		{A1111111-1111-1111-1111-111111111108}.Release|x86.ActiveCfg = Release|Any CPU
		{A1111111-1111-1111-1111-111111111108}.Release|x86.Build.0 = Release|Any CPU
		{A1111111-1111-1111-1111-111111111109}.Debug|Any CPU.ActiveCfg = Debug|Any CPU
		{A1111111-1111-1111-1111-111111111109}.Debug|Any CPU.Build.0 = Debug|Any CPU
		{A1111111-1111-1111-1111-111111111109}.Debug|x64.ActiveCfg = Debug|Any CPU
		{A1111111-1111-1111-1111-111111111109}.Debug|x64.Build.0 = Debug|Any CPU
		{A1111111-1111-1111-1111-111111111109}.Debug|x86.ActiveCfg = Debug|Any CPU
		{A1111111-1111-1111-1111-111111111109}.Debug|x86.Build.0 = Debug|Any CPU
		{A1111111-1111-1111-1111-111111111109}.Release|Any CPU.ActiveCfg = Release|Any CPU
		{A1111111-1111-1111-1111-111111111109}.Release|Any CPU.Build.0 = Release|Any CPU
		{A1111111-1111-1111-1111-111111111109}.Release|x64.ActiveCfg = Release|Any CPU
		{A1111111-1111-1111-1111-111111111109}.Release|x64.Build.0 = Release|Any CPU
		{A1111111-1111-1111-1111-111111111109}.Release|x86.ActiveCfg = Release|Any CPU
		{A1111111-1111-1111-1111-111111111109}.Release|x86.Build.0 = Release|Any CPU
		{4BD1488F-EEE8-4FCE-9D7F-B625B6C6895C}.Debug|Any CPU.ActiveCfg = Debug|Any CPU
		{4BD1488F-EEE8-4FCE-9D7F-B625B6C6895C}.Debug|Any CPU.Build.0 = Debug|Any CPU
		{4BD1488F-EEE8-4FCE-9D7F-B625B6C6895C}.Debug|x64.ActiveCfg = Debug|Any CPU
		{4BD1488F-EEE8-4FCE-9D7F-B625B6C6895C}.Debug|x64.Build.0 = Debug|Any CPU
		{4BD1488F-EEE8-4FCE-9D7F-B625B6C6895C}.Debug|x86.ActiveCfg = Debug|Any CPU
		{4BD1488F-EEE8-4FCE-9D7F-B625B6C6895C}.Debug|x86.Build.0 = Debug|Any CPU
		{4BD1488F-EEE8-4FCE-9D7F-B625B6C6895C}.Release|Any CPU.ActiveCfg = Release|Any CPU
		{4BD1488F-EEE8-4FCE-9D7F-B625B6C6895C}.Release|Any CPU.Build.0 = Release|Any CPU
		{4BD1488F-EEE8-4FCE-9D7F-B625B6C6895C}.Release|x64.ActiveCfg = Release|Any CPU
		{4BD1488F-EEE8-4FCE-9D7F-B625B6C6895C}.Release|x64.Build.0 = Release|Any CPU
		{4BD1488F-EEE8-4FCE-9D7F-B625B6C6895C}.Release|x86.ActiveCfg = Release|Any CPU
		{4BD1488F-EEE8-4FCE-9D7F-B625B6C6895C}.Release|x86.Build.0 = Release|Any CPU
		{F4BDEC8F-7D5A-4C38-8A4C-710CA646EACC}.Debug|Any CPU.ActiveCfg = Debug|Any CPU
		{F4BDEC8F-7D5A-4C38-8A4C-710CA646EACC}.Debug|Any CPU.Build.0 = Debug|Any CPU
		{F4BDEC8F-7D5A-4C38-8A4C-710CA646EACC}.Debug|x64.ActiveCfg = Debug|Any CPU
		{F4BDEC8F-7D5A-4C38-8A4C-710CA646EACC}.Debug|x64.Build.0 = Debug|Any CPU
		{F4BDEC8F-7D5A-4C38-8A4C-710CA646EACC}.Debug|x86.ActiveCfg = Debug|Any CPU
		{F4BDEC8F-7D5A-4C38-8A4C-710CA646EACC}.Debug|x86.Build.0 = Debug|Any CPU
		{F4BDEC8F-7D5A-4C38-8A4C-710CA646EACC}.Release|Any CPU.ActiveCfg = Release|Any CPU
		{F4BDEC8F-7D5A-4C38-8A4C-710CA646EACC}.Release|Any CPU.Build.0 = Release|Any CPU
		{F4BDEC8F-7D5A-4C38-8A4C-710CA646EACC}.Release|x64.ActiveCfg = Release|Any CPU
		{F4BDEC8F-7D5A-4C38-8A4C-710CA646EACC}.Release|x64.Build.0 = Release|Any CPU
		{F4BDEC8F-7D5A-4C38-8A4C-710CA646EACC}.Release|x86.ActiveCfg = Release|Any CPU
		{F4BDEC8F-7D5A-4C38-8A4C-710CA646EACC}.Release|x86.Build.0 = Release|Any CPU
		{4717A130-39C3-421F-A840-71B6A9D9EA70}.Debug|Any CPU.ActiveCfg = Debug|Any CPU
		{4717A130-39C3-421F-A840-71B6A9D9EA70}.Debug|Any CPU.Build.0 = Debug|Any CPU
		{4717A130-39C3-421F-A840-71B6A9D9EA70}.Debug|x64.ActiveCfg = Debug|Any CPU
		{4717A130-39C3-421F-A840-71B6A9D9EA70}.Debug|x64.Build.0 = Debug|Any CPU
		{4717A130-39C3-421F-A840-71B6A9D9EA70}.Debug|x86.ActiveCfg = Debug|Any CPU
		{4717A130-39C3-421F-A840-71B6A9D9EA70}.Debug|x86.Build.0 = Debug|Any CPU
		{4717A130-39C3-421F-A840-71B6A9D9EA70}.Release|Any CPU.ActiveCfg = Release|Any CPU
		{4717A130-39C3-421F-A840-71B6A9D9EA70}.Release|Any CPU.Build.0 = Release|Any CPU
		{4717A130-39C3-421F-A840-71B6A9D9EA70}.Release|x64.ActiveCfg = Release|Any CPU
		{4717A130-39C3-421F-A840-71B6A9D9EA70}.Release|x64.Build.0 = Release|Any CPU
		{4717A130-39C3-421F-A840-71B6A9D9EA70}.Release|x86.ActiveCfg = Release|Any CPU
		{4717A130-39C3-421F-A840-71B6A9D9EA70}.Release|x86.Build.0 = Release|Any CPU
		{5148DE7E-9650-4E78-95EB-35E1813FD990}.Debug|Any CPU.ActiveCfg = Debug|Any CPU
		{5148DE7E-9650-4E78-95EB-35E1813FD990}.Debug|Any CPU.Build.0 = Debug|Any CPU
		{5148DE7E-9650-4E78-95EB-35E1813FD990}.Debug|x64.ActiveCfg = Debug|Any CPU
		{5148DE7E-9650-4E78-95EB-35E1813FD990}.Debug|x64.Build.0 = Debug|Any CPU
		{5148DE7E-9650-4E78-95EB-35E1813FD990}.Debug|x86.ActiveCfg = Debug|Any CPU
		{5148DE7E-9650-4E78-95EB-35E1813FD990}.Debug|x86.Build.0 = Debug|Any CPU
		{5148DE7E-9650-4E78-95EB-35E1813FD990}.Release|Any CPU.ActiveCfg = Release|Any CPU
		{5148DE7E-9650-4E78-95EB-35E1813FD990}.Release|Any CPU.Build.0 = Release|Any CPU
		{5148DE7E-9650-4E78-95EB-35E1813FD990}.Release|x64.ActiveCfg = Release|Any CPU
		{5148DE7E-9650-4E78-95EB-35E1813FD990}.Release|x64.Build.0 = Release|Any CPU
		{5148DE7E-9650-4E78-95EB-35E1813FD990}.Release|x86.ActiveCfg = Release|Any CPU
		{5148DE7E-9650-4E78-95EB-35E1813FD990}.Release|x86.Build.0 = Release|Any CPU
		{6302E986-1062-4D12-A64B-B6D1D79A7D92}.Debug|Any CPU.ActiveCfg = Debug|Any CPU
		{6302E986-1062-4D12-A64B-B6D1D79A7D92}.Debug|Any CPU.Build.0 = Debug|Any CPU
		{6302E986-1062-4D12-A64B-B6D1D79A7D92}.Debug|x64.ActiveCfg = Debug|Any CPU
		{6302E986-1062-4D12-A64B-B6D1D79A7D92}.Debug|x64.Build.0 = Debug|Any CPU
		{6302E986-1062-4D12-A64B-B6D1D79A7D92}.Debug|x86.ActiveCfg = Debug|Any CPU
		{6302E986-1062-4D12-A64B-B6D1D79A7D92}.Debug|x86.Build.0 = Debug|Any CPU
		{6302E986-1062-4D12-A64B-B6D1D79A7D92}.Release|Any CPU.ActiveCfg = Release|Any CPU
		{6302E986-1062-4D12-A64B-B6D1D79A7D92}.Release|Any CPU.Build.0 = Release|Any CPU
		{6302E986-1062-4D12-A64B-B6D1D79A7D92}.Release|x64.ActiveCfg = Release|Any CPU
		{6302E986-1062-4D12-A64B-B6D1D79A7D92}.Release|x64.Build.0 = Release|Any CPU
		{6302E986-1062-4D12-A64B-B6D1D79A7D92}.Release|x86.ActiveCfg = Release|Any CPU
		{6302E986-1062-4D12-A64B-B6D1D79A7D92}.Release|x86.Build.0 = Release|Any CPU
		{2257930C-65C3-4FAC-9747-D0BC2FF4F5E6}.Debug|Any CPU.ActiveCfg = Debug|Any CPU
		{2257930C-65C3-4FAC-9747-D0BC2FF4F5E6}.Debug|Any CPU.Build.0 = Debug|Any CPU
		{2257930C-65C3-4FAC-9747-D0BC2FF4F5E6}.Debug|x64.ActiveCfg = Debug|Any CPU
		{2257930C-65C3-4FAC-9747-D0BC2FF4F5E6}.Debug|x64.Build.0 = Debug|Any CPU
		{2257930C-65C3-4FAC-9747-D0BC2FF4F5E6}.Debug|x86.ActiveCfg = Debug|Any CPU
		{2257930C-65C3-4FAC-9747-D0BC2FF4F5E6}.Debug|x86.Build.0 = Debug|Any CPU
		{2257930C-65C3-4FAC-9747-D0BC2FF4F5E6}.Release|Any CPU.ActiveCfg = Release|Any CPU
		{2257930C-65C3-4FAC-9747-D0BC2FF4F5E6}.Release|Any CPU.Build.0 = Release|Any CPU
		{2257930C-65C3-4FAC-9747-D0BC2FF4F5E6}.Release|x64.ActiveCfg = Release|Any CPU
		{2257930C-65C3-4FAC-9747-D0BC2FF4F5E6}.Release|x64.Build.0 = Release|Any CPU
		{2257930C-65C3-4FAC-9747-D0BC2FF4F5E6}.Release|x86.ActiveCfg = Release|Any CPU
		{2257930C-65C3-4FAC-9747-D0BC2FF4F5E6}.Release|x86.Build.0 = Release|Any CPU
		{2F2343E4-311C-48F6-BE85-13A772CDF056}.Debug|Any CPU.ActiveCfg = Debug|Any CPU
		{2F2343E4-311C-48F6-BE85-13A772CDF056}.Debug|Any CPU.Build.0 = Debug|Any CPU
		{2F2343E4-311C-48F6-BE85-13A772CDF056}.Debug|x64.ActiveCfg = Debug|Any CPU
		{2F2343E4-311C-48F6-BE85-13A772CDF056}.Debug|x64.Build.0 = Debug|Any CPU
		{2F2343E4-311C-48F6-BE85-13A772CDF056}.Debug|x86.ActiveCfg = Debug|Any CPU
		{2F2343E4-311C-48F6-BE85-13A772CDF056}.Debug|x86.Build.0 = Debug|Any CPU
		{2F2343E4-311C-48F6-BE85-13A772CDF056}.Release|Any CPU.ActiveCfg = Release|Any CPU
		{2F2343E4-311C-48F6-BE85-13A772CDF056}.Release|Any CPU.Build.0 = Release|Any CPU
		{2F2343E4-311C-48F6-BE85-13A772CDF056}.Release|x64.ActiveCfg = Release|Any CPU
		{2F2343E4-311C-48F6-BE85-13A772CDF056}.Release|x64.Build.0 = Release|Any CPU
		{2F2343E4-311C-48F6-BE85-13A772CDF056}.Release|x86.ActiveCfg = Release|Any CPU
		{2F2343E4-311C-48F6-BE85-13A772CDF056}.Release|x86.Build.0 = Release|Any CPU
		{36ED2659-B41C-4D65-AD62-B8C8C5C1D140}.Debug|Any CPU.ActiveCfg = Debug|Any CPU
		{36ED2659-B41C-4D65-AD62-B8C8C5C1D140}.Debug|Any CPU.Build.0 = Debug|Any CPU
		{36ED2659-B41C-4D65-AD62-B8C8C5C1D140}.Debug|x64.ActiveCfg = Debug|Any CPU
		{36ED2659-B41C-4D65-AD62-B8C8C5C1D140}.Debug|x64.Build.0 = Debug|Any CPU
		{36ED2659-B41C-4D65-AD62-B8C8C5C1D140}.Debug|x86.ActiveCfg = Debug|Any CPU
		{36ED2659-B41C-4D65-AD62-B8C8C5C1D140}.Debug|x86.Build.0 = Debug|Any CPU
		{36ED2659-B41C-4D65-AD62-B8C8C5C1D140}.Release|Any CPU.ActiveCfg = Release|Any CPU
		{36ED2659-B41C-4D65-AD62-B8C8C5C1D140}.Release|Any CPU.Build.0 = Release|Any CPU
		{36ED2659-B41C-4D65-AD62-B8C8C5C1D140}.Release|x64.ActiveCfg = Release|Any CPU
		{36ED2659-B41C-4D65-AD62-B8C8C5C1D140}.Release|x64.Build.0 = Release|Any CPU
		{36ED2659-B41C-4D65-AD62-B8C8C5C1D140}.Release|x86.ActiveCfg = Release|Any CPU
		{36ED2659-B41C-4D65-AD62-B8C8C5C1D140}.Release|x86.Build.0 = Release|Any CPU
		{D4D84DC8-748F-47FE-ADE2-7682489A2224}.Debug|Any CPU.ActiveCfg = Debug|Any CPU
		{D4D84DC8-748F-47FE-ADE2-7682489A2224}.Debug|Any CPU.Build.0 = Debug|Any CPU
		{D4D84DC8-748F-47FE-ADE2-7682489A2224}.Debug|x64.ActiveCfg = Debug|Any CPU
		{D4D84DC8-748F-47FE-ADE2-7682489A2224}.Debug|x64.Build.0 = Debug|Any CPU
		{D4D84DC8-748F-47FE-ADE2-7682489A2224}.Debug|x86.ActiveCfg = Debug|Any CPU
		{D4D84DC8-748F-47FE-ADE2-7682489A2224}.Debug|x86.Build.0 = Debug|Any CPU
		{D4D84DC8-748F-47FE-ADE2-7682489A2224}.Release|Any CPU.ActiveCfg = Release|Any CPU
		{D4D84DC8-748F-47FE-ADE2-7682489A2224}.Release|Any CPU.Build.0 = Release|Any CPU
		{D4D84DC8-748F-47FE-ADE2-7682489A2224}.Release|x64.ActiveCfg = Release|Any CPU
		{D4D84DC8-748F-47FE-ADE2-7682489A2224}.Release|x64.Build.0 = Release|Any CPU
		{D4D84DC8-748F-47FE-ADE2-7682489A2224}.Release|x86.ActiveCfg = Release|Any CPU
		{D4D84DC8-748F-47FE-ADE2-7682489A2224}.Release|x86.Build.0 = Release|Any CPU
		{10C31D18-22BC-4182-A3C2-6B4A84B422C3}.Debug|Any CPU.ActiveCfg = Debug|Any CPU
		{10C31D18-22BC-4182-A3C2-6B4A84B422C3}.Debug|Any CPU.Build.0 = Debug|Any CPU
		{10C31D18-22BC-4182-A3C2-6B4A84B422C3}.Debug|x64.ActiveCfg = Debug|Any CPU
		{10C31D18-22BC-4182-A3C2-6B4A84B422C3}.Debug|x64.Build.0 = Debug|Any CPU
		{10C31D18-22BC-4182-A3C2-6B4A84B422C3}.Debug|x86.ActiveCfg = Debug|Any CPU
		{10C31D18-22BC-4182-A3C2-6B4A84B422C3}.Debug|x86.Build.0 = Debug|Any CPU
		{10C31D18-22BC-4182-A3C2-6B4A84B422C3}.Release|Any CPU.ActiveCfg = Release|Any CPU
		{10C31D18-22BC-4182-A3C2-6B4A84B422C3}.Release|Any CPU.Build.0 = Release|Any CPU
		{10C31D18-22BC-4182-A3C2-6B4A84B422C3}.Release|x64.ActiveCfg = Release|Any CPU
		{10C31D18-22BC-4182-A3C2-6B4A84B422C3}.Release|x64.Build.0 = Release|Any CPU
		{10C31D18-22BC-4182-A3C2-6B4A84B422C3}.Release|x86.ActiveCfg = Release|Any CPU
		{10C31D18-22BC-4182-A3C2-6B4A84B422C3}.Release|x86.Build.0 = Release|Any CPU
		{FAD1F010-DD36-47DE-8483-D2173FB69E18}.Debug|Any CPU.ActiveCfg = Debug|Any CPU
		{FAD1F010-DD36-47DE-8483-D2173FB69E18}.Debug|Any CPU.Build.0 = Debug|Any CPU
		{FAD1F010-DD36-47DE-8483-D2173FB69E18}.Debug|x64.ActiveCfg = Debug|Any CPU
		{FAD1F010-DD36-47DE-8483-D2173FB69E18}.Debug|x64.Build.0 = Debug|Any CPU
		{FAD1F010-DD36-47DE-8483-D2173FB69E18}.Debug|x86.ActiveCfg = Debug|Any CPU
		{FAD1F010-DD36-47DE-8483-D2173FB69E18}.Debug|x86.Build.0 = Debug|Any CPU
		{FAD1F010-DD36-47DE-8483-D2173FB69E18}.Release|Any CPU.ActiveCfg = Release|Any CPU
		{FAD1F010-DD36-47DE-8483-D2173FB69E18}.Release|Any CPU.Build.0 = Release|Any CPU
		{FAD1F010-DD36-47DE-8483-D2173FB69E18}.Release|x64.ActiveCfg = Release|Any CPU
		{FAD1F010-DD36-47DE-8483-D2173FB69E18}.Release|x64.Build.0 = Release|Any CPU
		{FAD1F010-DD36-47DE-8483-D2173FB69E18}.Release|x86.ActiveCfg = Release|Any CPU
		{FAD1F010-DD36-47DE-8483-D2173FB69E18}.Release|x86.Build.0 = Release|Any CPU
		{E3C39ED8-CA9B-4CBE-89FE-C553FFF78481}.Debug|Any CPU.ActiveCfg = Debug|Any CPU
		{E3C39ED8-CA9B-4CBE-89FE-C553FFF78481}.Debug|Any CPU.Build.0 = Debug|Any CPU
		{E3C39ED8-CA9B-4CBE-89FE-C553FFF78481}.Debug|x64.ActiveCfg = Debug|Any CPU
		{E3C39ED8-CA9B-4CBE-89FE-C553FFF78481}.Debug|x64.Build.0 = Debug|Any CPU
		{E3C39ED8-CA9B-4CBE-89FE-C553FFF78481}.Debug|x86.ActiveCfg = Debug|Any CPU
		{E3C39ED8-CA9B-4CBE-89FE-C553FFF78481}.Debug|x86.Build.0 = Debug|Any CPU
		{E3C39ED8-CA9B-4CBE-89FE-C553FFF78481}.Release|Any CPU.ActiveCfg = Release|Any CPU
		{E3C39ED8-CA9B-4CBE-89FE-C553FFF78481}.Release|Any CPU.Build.0 = Release|Any CPU
		{E3C39ED8-CA9B-4CBE-89FE-C553FFF78481}.Release|x64.ActiveCfg = Release|Any CPU
		{E3C39ED8-CA9B-4CBE-89FE-C553FFF78481}.Release|x64.Build.0 = Release|Any CPU
		{E3C39ED8-CA9B-4CBE-89FE-C553FFF78481}.Release|x86.ActiveCfg = Release|Any CPU
		{E3C39ED8-CA9B-4CBE-89FE-C553FFF78481}.Release|x86.Build.0 = Release|Any CPU
		{381E540B-5045-4B62-A266-929FE291046F}.Debug|Any CPU.ActiveCfg = Debug|Any CPU
		{381E540B-5045-4B62-A266-929FE291046F}.Debug|Any CPU.Build.0 = Debug|Any CPU
		{381E540B-5045-4B62-A266-929FE291046F}.Debug|x64.ActiveCfg = Debug|Any CPU
		{381E540B-5045-4B62-A266-929FE291046F}.Debug|x64.Build.0 = Debug|Any CPU
		{381E540B-5045-4B62-A266-929FE291046F}.Debug|x86.ActiveCfg = Debug|Any CPU
		{381E540B-5045-4B62-A266-929FE291046F}.Debug|x86.Build.0 = Debug|Any CPU
		{381E540B-5045-4B62-A266-929FE291046F}.Release|Any CPU.ActiveCfg = Release|Any CPU
		{381E540B-5045-4B62-A266-929FE291046F}.Release|Any CPU.Build.0 = Release|Any CPU
		{381E540B-5045-4B62-A266-929FE291046F}.Release|x64.ActiveCfg = Release|Any CPU
		{381E540B-5045-4B62-A266-929FE291046F}.Release|x64.Build.0 = Release|Any CPU
		{381E540B-5045-4B62-A266-929FE291046F}.Release|x86.ActiveCfg = Release|Any CPU
		{381E540B-5045-4B62-A266-929FE291046F}.Release|x86.Build.0 = Release|Any CPU
		{D1AAAC2C-EC9F-4320-A8E9-141F7179EF34}.Debug|Any CPU.ActiveCfg = Debug|Any CPU
		{D1AAAC2C-EC9F-4320-A8E9-141F7179EF34}.Debug|Any CPU.Build.0 = Debug|Any CPU
		{D1AAAC2C-EC9F-4320-A8E9-141F7179EF34}.Debug|x64.ActiveCfg = Debug|Any CPU
		{D1AAAC2C-EC9F-4320-A8E9-141F7179EF34}.Debug|x64.Build.0 = Debug|Any CPU
		{D1AAAC2C-EC9F-4320-A8E9-141F7179EF34}.Debug|x86.ActiveCfg = Debug|Any CPU
		{D1AAAC2C-EC9F-4320-A8E9-141F7179EF34}.Debug|x86.Build.0 = Debug|Any CPU
		{D1AAAC2C-EC9F-4320-A8E9-141F7179EF34}.Release|Any CPU.ActiveCfg = Release|Any CPU
		{D1AAAC2C-EC9F-4320-A8E9-141F7179EF34}.Release|Any CPU.Build.0 = Release|Any CPU
		{D1AAAC2C-EC9F-4320-A8E9-141F7179EF34}.Release|x64.ActiveCfg = Release|Any CPU
		{D1AAAC2C-EC9F-4320-A8E9-141F7179EF34}.Release|x64.Build.0 = Release|Any CPU
		{D1AAAC2C-EC9F-4320-A8E9-141F7179EF34}.Release|x86.ActiveCfg = Release|Any CPU
		{D1AAAC2C-EC9F-4320-A8E9-141F7179EF34}.Release|x86.Build.0 = Release|Any CPU
		{34553CE3-CB40-4873-B761-86533B828137}.Debug|Any CPU.ActiveCfg = Debug|Any CPU
		{34553CE3-CB40-4873-B761-86533B828137}.Debug|Any CPU.Build.0 = Debug|Any CPU
		{34553CE3-CB40-4873-B761-86533B828137}.Debug|x64.ActiveCfg = Debug|Any CPU
		{34553CE3-CB40-4873-B761-86533B828137}.Debug|x64.Build.0 = Debug|Any CPU
		{34553CE3-CB40-4873-B761-86533B828137}.Debug|x86.ActiveCfg = Debug|Any CPU
		{34553CE3-CB40-4873-B761-86533B828137}.Debug|x86.Build.0 = Debug|Any CPU
		{34553CE3-CB40-4873-B761-86533B828137}.Release|Any CPU.ActiveCfg = Release|Any CPU
		{34553CE3-CB40-4873-B761-86533B828137}.Release|Any CPU.Build.0 = Release|Any CPU
		{34553CE3-CB40-4873-B761-86533B828137}.Release|x64.ActiveCfg = Release|Any CPU
		{34553CE3-CB40-4873-B761-86533B828137}.Release|x64.Build.0 = Release|Any CPU
		{34553CE3-CB40-4873-B761-86533B828137}.Release|x86.ActiveCfg = Release|Any CPU
		{34553CE3-CB40-4873-B761-86533B828137}.Release|x86.Build.0 = Release|Any CPU
		{5BB8A193-8D4E-4258-89BD-63B0FF50B95C}.Debug|Any CPU.ActiveCfg = Debug|Any CPU
		{5BB8A193-8D4E-4258-89BD-63B0FF50B95C}.Debug|Any CPU.Build.0 = Debug|Any CPU
		{5BB8A193-8D4E-4258-89BD-63B0FF50B95C}.Debug|x64.ActiveCfg = Debug|Any CPU
		{5BB8A193-8D4E-4258-89BD-63B0FF50B95C}.Debug|x64.Build.0 = Debug|Any CPU
		{5BB8A193-8D4E-4258-89BD-63B0FF50B95C}.Debug|x86.ActiveCfg = Debug|Any CPU
		{5BB8A193-8D4E-4258-89BD-63B0FF50B95C}.Debug|x86.Build.0 = Debug|Any CPU
		{5BB8A193-8D4E-4258-89BD-63B0FF50B95C}.Release|Any CPU.ActiveCfg = Release|Any CPU
		{5BB8A193-8D4E-4258-89BD-63B0FF50B95C}.Release|Any CPU.Build.0 = Release|Any CPU
		{5BB8A193-8D4E-4258-89BD-63B0FF50B95C}.Release|x64.ActiveCfg = Release|Any CPU
		{5BB8A193-8D4E-4258-89BD-63B0FF50B95C}.Release|x64.Build.0 = Release|Any CPU
		{5BB8A193-8D4E-4258-89BD-63B0FF50B95C}.Release|x86.ActiveCfg = Release|Any CPU
		{5BB8A193-8D4E-4258-89BD-63B0FF50B95C}.Release|x86.Build.0 = Release|Any CPU
		{CEDE4208-6709-48A4-8088-72D9D774ADC0}.Debug|Any CPU.ActiveCfg = Debug|Any CPU
		{CEDE4208-6709-48A4-8088-72D9D774ADC0}.Debug|Any CPU.Build.0 = Debug|Any CPU
		{CEDE4208-6709-48A4-8088-72D9D774ADC0}.Debug|x64.ActiveCfg = Debug|Any CPU
		{CEDE4208-6709-48A4-8088-72D9D774ADC0}.Debug|x64.Build.0 = Debug|Any CPU
		{CEDE4208-6709-48A4-8088-72D9D774ADC0}.Debug|x86.ActiveCfg = Debug|Any CPU
		{CEDE4208-6709-48A4-8088-72D9D774ADC0}.Debug|x86.Build.0 = Debug|Any CPU
		{CEDE4208-6709-48A4-8088-72D9D774ADC0}.Release|Any CPU.ActiveCfg = Release|Any CPU
		{CEDE4208-6709-48A4-8088-72D9D774ADC0}.Release|Any CPU.Build.0 = Release|Any CPU
		{CEDE4208-6709-48A4-8088-72D9D774ADC0}.Release|x64.ActiveCfg = Release|Any CPU
		{CEDE4208-6709-48A4-8088-72D9D774ADC0}.Release|x64.Build.0 = Release|Any CPU
		{CEDE4208-6709-48A4-8088-72D9D774ADC0}.Release|x86.ActiveCfg = Release|Any CPU
		{CEDE4208-6709-48A4-8088-72D9D774ADC0}.Release|x86.Build.0 = Release|Any CPU
	EndGlobalSection
	GlobalSection(SolutionProperties) = preSolution
		HideSolutionNode = FALSE
	EndGlobalSection
	GlobalSection(NestedProjects) = preSolution
		{4BD1488F-EEE8-4FCE-9D7F-B625B6C6895C} = {18A973C9-F25B-E4E4-0476-2BB1C2E8546D}
		{F4BDEC8F-7D5A-4C38-8A4C-710CA646EACC} = {18A973C9-F25B-E4E4-0476-2BB1C2E8546D}
		{4717A130-39C3-421F-A840-71B6A9D9EA70} = {18A973C9-F25B-E4E4-0476-2BB1C2E8546D}
		{5148DE7E-9650-4E78-95EB-35E1813FD990} = {18A973C9-F25B-E4E4-0476-2BB1C2E8546D}
		{6302E986-1062-4D12-A64B-B6D1D79A7D92} = {7266C4A9-E384-DC00-0EB6-47F6002CFBA7}
		{2257930C-65C3-4FAC-9747-D0BC2FF4F5E6} = {7266C4A9-E384-DC00-0EB6-47F6002CFBA7}
		{2F2343E4-311C-48F6-BE85-13A772CDF056} = {7266C4A9-E384-DC00-0EB6-47F6002CFBA7}
		{36ED2659-B41C-4D65-AD62-B8C8C5C1D140} = {7266C4A9-E384-DC00-0EB6-47F6002CFBA7}
		{D4D84DC8-748F-47FE-ADE2-7682489A2224} = {7266C4A9-E384-DC00-0EB6-47F6002CFBA7}
		{10C31D18-22BC-4182-A3C2-6B4A84B422C3} = {7266C4A9-E384-DC00-0EB6-47F6002CFBA7}
		{7F1D09F0-9E81-6567-8A56-42DA2AAD15FC} = {4769478D-C767-31A9-8FC1-6E9F318D53C0}
		{FAD1F010-DD36-47DE-8483-D2173FB69E18} = {7F1D09F0-9E81-6567-8A56-42DA2AAD15FC}
		{E3C39ED8-CA9B-4CBE-89FE-C553FFF78481} = {7F1D09F0-9E81-6567-8A56-42DA2AAD15FC}
		{381E540B-5045-4B62-A266-929FE291046F} = {7F1D09F0-9E81-6567-8A56-42DA2AAD15FC}
		{D1AAAC2C-EC9F-4320-A8E9-141F7179EF34} = {7F1D09F0-9E81-6567-8A56-42DA2AAD15FC}
		{34553CE3-CB40-4873-B761-86533B828137} = {7F1D09F0-9E81-6567-8A56-42DA2AAD15FC}
		{5BB8A193-8D4E-4258-89BD-63B0FF50B95C} = {7F1D09F0-9E81-6567-8A56-42DA2AAD15FC}
		{CEDE4208-6709-48A4-8088-72D9D774ADC0} = {7F1D09F0-9E81-6567-8A56-42DA2AAD15FC}
	EndGlobalSection
EndGlobal
